github.com/hyangah/testmod1 v0.0.1 h1:DMtWvu0mpeNk8W3YnXXJi7tUsSGmIp/flhvsfglfSdM=
github.com/hyangah/testmod1 v0.0.1/go.mod h1:ZQGZMAFKl2W3w0EAPGOTxRSa/cIiTQTl55JupoqfuSw=
github.com/jba/testmod1 v0.0.2 h1:ogWQiJJRB3+uyjeIUpHvSgL+ikiZfCQsEK0ztTAOEM8=
github.com/jba/testmod1 v0.0.2/go.mod h1:jn8RtSl+HbHsG8yO8MKn74GKeka9To7AsUqS0rtLgco=
github.com/jba/testmod1 v0.0.3 h1:ZL+BAEb/hCj4+n6KIUM/bMUCD/GrSguaIerInAoa4/s=
github.com/jba/testmod1 v0.0.3/go.mod h1:jn8RtSl+HbHsG8yO8MKn74GKeka9To7AsUqS0rtLgco=
